PODS:
  - Alamofire (5.4.3)
  - CGRPCZlib (1.0.0)
  - CNIOAtomics (2.27.0)
  - CNIOBoringSSL (2.12.0)
  - CNIOBoringSSLShims (2.12.0):
    - CNIOBoringSSL (= 2.12.0)
  - CNIODarwin (2.27.0)
  - CNIOHTTPParser (2.27.0)
  - CNIOLinux (2.27.0)
  - CNIOWindows (2.27.0)
  - gRPC-Swift (1.0.0):
    - CGRPCZlib (= 1.0.0)
    - Logging (< 2.0.0, >= 1.4.0)
    - SwiftNIO (< 3.0.0, >= 2.22.0)
    - SwiftNIOExtras (< 2.0.0, >= 1.4.0)
    - SwiftNIOHTTP2 (< 2.0.0, >= 1.16.1)
    - SwiftNIOSSL (< 3.0.0, >= 2.8.0)
    - SwiftNIOTransportServices (< 2.0.0, >= 1.6.0)
    - SwiftProtobuf (< 2.0.0, >= 1.9.0)
  - gRPC-Swift-Plugins (1.0.0):
    - gRPC-Swift (= 1.0.0)
  - Logging (1.4.0)
  - PromisesObjC (2.0.0)
  - PromisesSwift (2.0.0):
    - PromisesObjC (= 2.0.0)
  - SwiftNIO (2.27.0):
    - CNIODarwin (= 2.27.0)
    - CNIOLinux (= 2.27.0)
    - CNIOWindows (= 2.27.0)
    - SwiftNIOConcurrencyHelpers (= 2.27.0)
  - SwiftNIOConcurrencyHelpers (2.27.0):
    - CNIOAtomics (= 2.27.0)
  - SwiftNIOExtras (1.8.0):
    - SwiftNIO (< 3, >= 2.9.0)
  - SwiftNIOFoundationCompat (2.27.0):
    - SwiftNIO (= 2.27.0)
  - SwiftNIOHPACK (1.17.0):
    - SwiftNIO (< 3, >= 2.27.0)
    - SwiftNIOConcurrencyHelpers (< 3, >= 2.27.0)
    - SwiftNIOHTTP1 (< 3, >= 2.27.0)
  - SwiftNIOHTTP1 (2.27.0):
    - CNIOHTTPParser (= 2.27.0)
    - SwiftNIO (= 2.27.0)
    - SwiftNIOConcurrencyHelpers (= 2.27.0)
  - SwiftNIOHTTP2 (1.17.0):
    - SwiftNIO (< 3, >= 2.27.0)
    - SwiftNIOConcurrencyHelpers (< 3, >= 2.27.0)
    - SwiftNIOHPACK (= 1.17.0)
    - SwiftNIOHTTP1 (< 3, >= 2.27.0)
    - SwiftNIOTLS (< 3, >= 2.27.0)
  - SwiftNIOSSL (2.12.0):
    - CNIOBoringSSL (= 2.12.0)
    - CNIOBoringSSLShims (= 2.12.0)
    - SwiftNIO (< 3, >= 2.15.0)
    - SwiftNIOConcurrencyHelpers (< 3, >= 2.15.0)
    - SwiftNIOTLS (< 3, >= 2.15.0)
  - SwiftNIOTLS (2.27.0):
    - SwiftNIO (= 2.27.0)
  - SwiftNIOTransportServices (1.10.0):
    - SwiftNIO (< 3, >= 2.27.0)
    - SwiftNIOConcurrencyHelpers (< 3, >= 2.27.0)
    - SwiftNIOFoundationCompat (< 3, >= 2.27.0)
    - SwiftNIOTLS (< 3, >= 2.27.0)
  - SwiftProtobuf (1.17.0)

DEPENDENCIES:
  - Alamofire (~> 5.2)
  - gRPC-Swift (~> 1.0.0)
  - gRPC-Swift-Plugins
  - PromisesSwift

SPEC REPOS:
  trunk:
    - Alamofire
    - CGRPCZlib
    - CNIOAtomics
    - CNIOBoringSSL
    - CNIOBoringSSLShims
    - CNIODarwin
    - CNIOHTTPParser
    - CNIOLinux
    - CNIOWindows
    - gRPC-Swift
    - gRPC-Swift-Plugins
    - Logging
    - PromisesObjC
    - PromisesSwift
    - SwiftNIO
    - SwiftNIOConcurrencyHelpers
    - SwiftNIOExtras
    - SwiftNIOFoundationCompat
    - SwiftNIOHPACK
    - SwiftNIOHTTP1
    - SwiftNIOHTTP2
    - SwiftNIOSSL
    - SwiftNIOTLS
    - SwiftNIOTransportServices
    - SwiftProtobuf

SPEC CHECKSUMS:
  Alamofire: e447a2774a40c996748296fa2c55112fdbbc42f9
  CGRPCZlib: b0c9d704a12fa667f1824ffff20688f191945989
  CNIOAtomics: 43316aa185f4bd639aa0a9cd49741151bbe8de7f
  CNIOBoringSSL: 2433ef7bb7f34e0903f576771c3004b42a8c30df
  CNIOBoringSSLShims: 97f8c084e74a2d2f7e3bfa1695e4a0c7e1e7ecc5
  CNIODarwin: 9eb3c09e9f3fc5ed47cecdd032aad926df81e3a6
  CNIOHTTPParser: c6051552c5f332e4ec0756581e5cbd5632ca24e6
  CNIOLinux: 79227941d64216792c3c59238b0106b9e0df25bc
  CNIOWindows: f2baa102255e986467578337ffa2f777cb6bdf7f
  gRPC-Swift: 77154009a019e97f8c4bd8f2bb75fe9726801157
  gRPC-Swift-Plugins: 22f2e8578f332e72ee59671c63264e219c982755
  Logging: beeb016c9c80cf77042d62e83495816847ef108b
  PromisesObjC: 68159ce6952d93e17b2dfe273b8c40907db5ba58
  PromisesSwift: e0b2a6433469efb0b83a2b84c62a2abab8e5e5d4
  SwiftNIO: 81d33ce8c500b7e41b6cdde5f2f12330b9750219
  SwiftNIOConcurrencyHelpers: 23fc68bac541a465162d7225d2c743edd2f1012c
  SwiftNIOExtras: aa561b71020cd6844f722cf4513fb176c577414d
  SwiftNIOFoundationCompat: 0e52ac0e2c9b7b60ff9141eebb64f5a82d974118
  SwiftNIOHPACK: 7b780cf61fa41025042ca34a3918b651c3c9f655
  SwiftNIOHTTP1: 846277d7fc7661fba655540e529d7ba3c728ca50
  SwiftNIOHTTP2: 57fc74b454df553028744b8e4cd0ab3a33911a2d
  SwiftNIOSSL: 6a212ff5802c39cdee830c613501fcb414218427
  SwiftNIOTLS: 4f8df225f03393f08e0b47b4d876ae38167f8a27
  SwiftNIOTransportServices: eee29d06a617e6b37c534d8589ae27c31b119f81
  SwiftProtobuf: 9c85136c6ba74b0a1b84279dbf0f6db8efb714e0

PODFILE CHECKSUM: 4dbaa1a9ec6a0eaeb80a2239186aa58aa6abbde4

COCOAPODS: 1.10.1
