<?xml version="1.0" encoding="UTF-8"?>
<Scheme
   version = "1.3">
   <BuildAction>
      <BuildActionEntries>
         <BuildActionEntry
            buildForRunning = "YES">
            <BuildableReference
               BuildableIdentifier = "primary"
               BlueprintIdentifier = "3ECC6DA8262CD73A000F8706"
               BuildableName = "LocalGuideSwiftUI.app"
               BlueprintName = "LocalGuideSwiftUI"
               ReferencedContainer = "container:LocalGuideSwiftUI.xcodeproj">
            </BuildableReference>
         </BuildActionEntry>
      </BuildActionEntries>
   </BuildAction>
   <LaunchAction
      useCustomWorkingDirectory = "NO"
      buildConfiguration = "Debug"
      allowLocationSimulation = "YES">
      <BuildableProductRunnable>
         <BuildableReference
            BuildableIdentifier = "primary"
            BlueprintIdentifier = "3ECC6DA8262CD73A000F8706"
            BuildableName = "LocalGuideSwiftUI.app"
            BlueprintName = "LocalGuideSwiftUI"
            ReferencedContainer = "container:LocalGuideSwiftUI.xcodeproj">
         </BuildableReference>
      </BuildableProductRunnable>
   </LaunchAction>
</Scheme>
